
Microsoft Visual Studio Solution File, Format Version 12.00
# Visual Studio 15
VisualStudioVersion = 15.0.28307.757
MinimumVisualStudioVersion = 10.0.40219.1
Project("{FAE04EC0-301F-11D3-BF4B-00C04F79EFBC}") = "dpcm2wav", "dpcm2wav\dpcm2wav.csproj", "{D1202927-9B44-4C5C-91CF-2A65834E73EF}"
EndProject
Global
	GlobalSection(SolutionConfigurationPlatforms) = preSolution
		Debug|Any CPU = Debug|Any CPU
		Release|Any CPU = Release|Any CPU
	EndGlobalSection
	GlobalSection(ProjectConfigurationPlatforms) = postSolution
		{D1202927-9B44-4C5C-91CF-2A65834E73EF}.Debug|Any CPU.ActiveCfg = Debug|Any CPU
		{D1202927-9B44-4C5C-91CF-2A65834E73EF}.Debug|Any CPU.Build.0 = Debug|Any CPU
		{D1202927-9B44-4C5C-91CF-2A65834E73EF}.Release|Any CPU.ActiveCfg = Release|Any CPU
		{D1202927-9B44-4C5C-91CF-2A65834E73EF}.Release|Any CPU.Build.0 = Release|Any CPU
	EndGlobalSection
	GlobalSection(SolutionProperties) = preSolution
		HideSolutionNode = FALSE
	EndGlobalSection
	GlobalSection(ExtensibilityGlobals) = postSolution
		SolutionGuid = {BB2A99C9-FE5A-4C62-94BA-39F8C98922F3}
	EndGlobalSection
EndGlobal
